
Microsoft Visual Studio Solution File, Format Version 12.00
# Visual Studio Version 17
VisualStudioVersion = 17.13.35825.156 d17.13
MinimumVisualStudioVersion = 10.0.40219.1
Project("{FAE04EC0-301F-11D3-BF4B-00C04F79EFBC}") = "Spark.ConsoleApp", "Spark.ConsoleApp\Spark.ConsoleApp.csproj", "{6464F651-6061-40DB-B880-053EA12023A7}"
EndProject
Global
	GlobalSection(SolutionConfigurationPlatforms) = preSolution
		Debug|Any CPU = Debug|Any CPU
		Release|Any CPU = Release|Any CPU
	EndGlobalSection
	GlobalSection(ProjectConfigurationPlatforms) = postSolution
		{6464F651-6061-40DB-B880-053EA12023A7}.Debug|Any CPU.ActiveCfg = Debug|Any CPU
		{6464F651-6061-40DB-B880-053EA12023A7}.Debug|Any CPU.Build.0 = Debug|Any CPU
		{6464F651-6061-40DB-B880-053EA12023A7}.Release|Any CPU.ActiveCfg = Release|Any CPU
		{6464F651-6061-40DB-B880-053EA12023A7}.Release|Any CPU.Build.0 = Release|Any CPU
	EndGlobalSection
	GlobalSection(SolutionProperties) = preSolution
		HideSolutionNode = FALSE
	EndGlobalSection
	GlobalSection(ExtensibilityGlobals) = postSolution
		SolutionGuid = {EA47E270-9B40-4238-943A-C9E89E261B05}
	EndGlobalSection
EndGlobal
